{
  "pins" : [
    {
      "identity" : "alamofire",
      "kind" : "remoteSourceControl",
      "location" : "https://github.com/Alamofire/Alamofire",
      "state" : {
        "revision" : "3dc6a42c7727c49bf26508e29b0a0b35f9c7e1ad",
        "version" : "5.8.1"
      }
    },
    {
      "identity" : "jwtdecode.swift",
      "kind" : "remoteSourceControl",
      "location" : "https://github.com/auth0/JWTDecode.swift",
      "state" : {
        "revision" : "58af7278797871e460d79496621b3e5366b865b2",
        "version" : "3.1.0"
      }
    },
    {
      "identity" : "sheekit",
      "kind" : "remoteSourceControl",
      "location" : "https://github.com/edudnyk/SheeKit.git",
      "state" : {
        "revision" : "4bdc3b7ff784b893ec8f802e4154cd0d0bdf1b46",
        "version" : "2.0.1"
      }
    },
    {
      "identity" : "swift-http",
      "kind" : "remoteSourceControl",
      "location" : "https://github.com/binarybirds/swift-http",
      "state" : {
        "revision" : "8b573967d26ef5401af2507aa5546da5f36235cc",
        "version" : "1.2.3"
      }
    },
    {
      "identity" : "swift-log",
      "kind" : "remoteSourceControl",
      "location" : "https://github.com/apple/swift-log",
      "state" : {
        "revision" : "532d8b529501fb73a2455b179e0bbb6d49b652ed",
        "version" : "1.5.3"
      }
    },
    {
      "identity" : "tagfield",
      "kind" : "remoteSourceControl",
      "location" : "https://github.com/changemin/TagField",
      "state" : {
        "revision" : "53bc48d6f6cf64b1b0bdf525db7dd40108da6856",
        "version" : "1.1.0"
      }
    }
  ],
  "version" : 2
}
