// !$*UTF8*$!
{
	archiveVersion = 1;
	classes = {
	};
	objectVersion = 56;
	objects = {

/* Begin PBXBuildFile section */
		6B1E64772AF061AF00DA2896 /* SignUpViewModel.swift in Sources */ = {isa = PBXBuildFile; fileRef = 6B1E64762AF061AF00DA2896 /* SignUpViewModel.swift */; };
		6B1E647A2AF0656B00DA2896 /* Alamofire in Frameworks */ = {isa = PBXBuildFile; productRef = 6B1E64792AF0656B00DA2896 /* Alamofire */; };
		6B49B5FE2AEC37B900AA0DA3 /* MainViewModel.swift in Sources */ = {isa = PBXBuildFile; fileRef = 6B49B5FD2AEC37B900AA0DA3 /* MainViewModel.swift */; };
		6B49B6022AEC39CD00AA0DA3 /* MenuTabModel.swift in Sources */ = {isa = PBXBuildFile; fileRef = 6B49B6012AEC39CD00AA0DA3 /* MenuTabModel.swift */; };
		6B49B6042AEC3AD700AA0DA3 /* MenuTabShape.swift in Sources */ = {isa = PBXBuildFile; fileRef = 6B49B6032AEC3AD700AA0DA3 /* MenuTabShape.swift */; };
		6B49B6062AEC3AF200AA0DA3 /* MenuTabPosition.swift in Sources */ = {isa = PBXBuildFile; fileRef = 6B49B6052AEC3AF200AA0DA3 /* MenuTabPosition.swift */; };
		6B49B6082AEC3F6F00AA0DA3 /* DrugsService.swift in Sources */ = {isa = PBXBuildFile; fileRef = 6B49B6072AEC3F6F00AA0DA3 /* DrugsService.swift */; };
		6B5CAE072AF38CA500BE96EC /* SwiftHttp in Frameworks */ = {isa = PBXBuildFile; productRef = 6B5CAE062AF38CA500BE96EC /* SwiftHttp */; };
		6B5CAE092AF38DD600BE96EC /* Drug.swift in Sources */ = {isa = PBXBuildFile; fileRef = 6B5CAE082AF38DD600BE96EC /* Drug.swift */; };
		6B5CAE0C2AF393AE00BE96EC /* CommonListViewModel.swift in Sources */ = {isa = PBXBuildFile; fileRef = 6B5CAE0B2AF393AE00BE96EC /* CommonListViewModel.swift */; };
		6B5E7E652AF66C7B00BA7905 /* SettingsView.swift in Sources */ = {isa = PBXBuildFile; fileRef = 6B5E7E642AF66C7B00BA7905 /* SettingsView.swift */; };
		6B5E7E6C2AF68FCB00BA7905 /* ListView.swift in Sources */ = {isa = PBXBuildFile; fileRef = 6B5E7E6B2AF68FCB00BA7905 /* ListView.swift */; };
		6B5E7E6E2AF6905000BA7905 /* ListViewModel.swift in Sources */ = {isa = PBXBuildFile; fileRef = 6B5E7E6D2AF6905000BA7905 /* ListViewModel.swift */; };
		6B5E7E712AF6910100BA7905 /* JWTDecode in Frameworks */ = {isa = PBXBuildFile; productRef = 6B5E7E702AF6910100BA7905 /* JWTDecode */; };
		6B5E7E742AF6C7A700BA7905 /* ScrollableTabBar.swift in Sources */ = {isa = PBXBuildFile; fileRef = 6B5E7E732AF6C7A700BA7905 /* ScrollableTabBar.swift */; };
		6B5E7E762AF6C87F00BA7905 /* TabBar.swift in Sources */ = {isa = PBXBuildFile; fileRef = 6B5E7E752AF6C87F00BA7905 /* TabBar.swift */; };
		6B5E7E792AF6E6F100BA7905 /* DrugView.swift in Sources */ = {isa = PBXBuildFile; fileRef = 6B5E7E782AF6E6F100BA7905 /* DrugView.swift */; };
		6B5E7E7F2AF7178400BA7905 /* SearchingView.swift in Sources */ = {isa = PBXBuildFile; fileRef = 6B5E7E7E2AF7178400BA7905 /* SearchingView.swift */; };
		6B5E7E812AF718D400BA7905 /* Form.swift in Sources */ = {isa = PBXBuildFile; fileRef = 6B5E7E802AF718D400BA7905 /* Form.swift */; };
		6B5E7E832AF7191300BA7905 /* Route.swift in Sources */ = {isa = PBXBuildFile; fileRef = 6B5E7E822AF7191300BA7905 /* Route.swift */; };
		6B5E7E852AF7194000BA7905 /* Dosage.swift in Sources */ = {isa = PBXBuildFile; fileRef = 6B5E7E842AF7194000BA7905 /* Dosage.swift */; };
		6B5E7E872AF7196D00BA7905 /* Organization.swift in Sources */ = {isa = PBXBuildFile; fileRef = 6B5E7E862AF7196D00BA7905 /* Organization.swift */; };
		6B5E7E892AF7199900BA7905 /* Country.swift in Sources */ = {isa = PBXBuildFile; fileRef = 6B5E7E882AF7199900BA7905 /* Country.swift */; };
		6B5E7E8B2AF71A1800BA7905 /* User.swift in Sources */ = {isa = PBXBuildFile; fileRef = 6B5E7E8A2AF71A1800BA7905 /* User.swift */; };
		6B5E7E8D2AF71ABC00BA7905 /* Role.swift in Sources */ = {isa = PBXBuildFile; fileRef = 6B5E7E8C2AF71ABC00BA7905 /* Role.swift */; };
		6B8844292AE58EEC00814F92 /* ITUApp.swift in Sources */ = {isa = PBXBuildFile; fileRef = 6B8844282AE58EEC00814F92 /* ITUApp.swift */; };
		6B88442B2AE58EEC00814F92 /* ContentView.swift in Sources */ = {isa = PBXBuildFile; fileRef = 6B88442A2AE58EEC00814F92 /* ContentView.swift */; };
		6B88442D2AE58EED00814F92 /* Assets.xcassets in Resources */ = {isa = PBXBuildFile; fileRef = 6B88442C2AE58EED00814F92 /* Assets.xcassets */; };
		6B8844302AE58EED00814F92 /* Preview Assets.xcassets in Resources */ = {isa = PBXBuildFile; fileRef = 6B88442F2AE58EED00814F92 /* Preview Assets.xcassets */; };
		6B88443E2AE5909A00814F92 /* Color.swift in Sources */ = {isa = PBXBuildFile; fileRef = 6B88443D2AE5909A00814F92 /* Color.swift */; };
		6B8844402AE5965B00814F92 /* View.swift in Sources */ = {isa = PBXBuildFile; fileRef = 6B88443F2AE5965B00814F92 /* View.swift */; };
		6B8844432AE596E500814F92 /* GradientButton.swift in Sources */ = {isa = PBXBuildFile; fileRef = 6B8844422AE596E500814F92 /* GradientButton.swift */; };
		6B8844452AE59CBF00814F92 /* CustomTextField.swift in Sources */ = {isa = PBXBuildFile; fileRef = 6B8844442AE59CBF00814F92 /* CustomTextField.swift */; };
		6B8844482AE5A3F300814F92 /* LoginView.swift in Sources */ = {isa = PBXBuildFile; fileRef = 6B8844472AE5A3F300814F92 /* LoginView.swift */; };
		6B88444D2AE5A54C00814F92 /* AuthViewModel.swift in Sources */ = {isa = PBXBuildFile; fileRef = 6B88444C2AE5A54C00814F92 /* AuthViewModel.swift */; };
		6B88444F2AE5A56800814F92 /* AuthView.swift in Sources */ = {isa = PBXBuildFile; fileRef = 6B88444E2AE5A56800814F92 /* AuthView.swift */; };
		6B8844522AE5A59800814F92 /* SignUpView.swift in Sources */ = {isa = PBXBuildFile; fileRef = 6B8844512AE5A59800814F92 /* SignUpView.swift */; };
		6B9328CB2AE9A7D00015B0E9 /* Auth.swift in Sources */ = {isa = PBXBuildFile; fileRef = 6B9328CA2AE9A7D00015B0E9 /* Auth.swift */; };
		6B9328CD2AE9A8360015B0E9 /* Base.swift in Sources */ = {isa = PBXBuildFile; fileRef = 6B9328CC2AE9A8360015B0E9 /* Base.swift */; };
		6B9328D32AE9C7FA0015B0E9 /* AuthService.swift in Sources */ = {isa = PBXBuildFile; fileRef = 6B9328D22AE9C7FA0015B0E9 /* AuthService.swift */; };
		6B94000D2AEA697300CC42E4 /* LoginViewModel.swift in Sources */ = {isa = PBXBuildFile; fileRef = 6B94000C2AEA697300CC42E4 /* LoginViewModel.swift */; };
		6B9400112AEA6A7600CC42E4 /* MainView.swift in Sources */ = {isa = PBXBuildFile; fileRef = 6B9400102AEA6A7600CC42E4 /* MainView.swift */; };
		6B9400132AEA6AD900CC42E4 /* CommonListView.swift in Sources */ = {isa = PBXBuildFile; fileRef = 6B9400122AEA6AD900CC42E4 /* CommonListView.swift */; };
/* End PBXBuildFile section */

/* Begin PBXFileReference section */
		6B1E64762AF061AF00DA2896 /* SignUpViewModel.swift */ = {isa = PBXFileReference; lastKnownFileType = sourcecode.swift; path = SignUpViewModel.swift; sourceTree = "<group>"; };
		6B49B5FD2AEC37B900AA0DA3 /* MainViewModel.swift */ = {isa = PBXFileReference; lastKnownFileType = sourcecode.swift; path = MainViewModel.swift; sourceTree = "<group>"; };
		6B49B6012AEC39CD00AA0DA3 /* MenuTabModel.swift */ = {isa = PBXFileReference; lastKnownFileType = sourcecode.swift; path = MenuTabModel.swift; sourceTree = "<group>"; };
		6B49B6032AEC3AD700AA0DA3 /* MenuTabShape.swift */ = {isa = PBXFileReference; lastKnownFileType = sourcecode.swift; path = MenuTabShape.swift; sourceTree = "<group>"; };
		6B49B6052AEC3AF200AA0DA3 /* MenuTabPosition.swift */ = {isa = PBXFileReference; lastKnownFileType = sourcecode.swift; path = MenuTabPosition.swift; sourceTree = "<group>"; };
		6B49B6072AEC3F6F00AA0DA3 /* DrugsService.swift */ = {isa = PBXFileReference; lastKnownFileType = sourcecode.swift; path = DrugsService.swift; sourceTree = "<group>"; };
		6B5CAE082AF38DD600BE96EC /* Drug.swift */ = {isa = PBXFileReference; lastKnownFileType = sourcecode.swift; path = Drug.swift; sourceTree = "<group>"; };
		6B5CAE0B2AF393AE00BE96EC /* CommonListViewModel.swift */ = {isa = PBXFileReference; lastKnownFileType = sourcecode.swift; path = CommonListViewModel.swift; sourceTree = "<group>"; };
		6B5E7E642AF66C7B00BA7905 /* SettingsView.swift */ = {isa = PBXFileReference; lastKnownFileType = sourcecode.swift; path = SettingsView.swift; sourceTree = "<group>"; };
		6B5E7E6B2AF68FCB00BA7905 /* ListView.swift */ = {isa = PBXFileReference; lastKnownFileType = sourcecode.swift; path = ListView.swift; sourceTree = "<group>"; };
		6B5E7E6D2AF6905000BA7905 /* ListViewModel.swift */ = {isa = PBXFileReference; lastKnownFileType = sourcecode.swift; path = ListViewModel.swift; sourceTree = "<group>"; };
		6B5E7E732AF6C7A700BA7905 /* ScrollableTabBar.swift */ = {isa = PBXFileReference; lastKnownFileType = sourcecode.swift; path = ScrollableTabBar.swift; sourceTree = "<group>"; };
		6B5E7E752AF6C87F00BA7905 /* TabBar.swift */ = {isa = PBXFileReference; lastKnownFileType = sourcecode.swift; path = TabBar.swift; sourceTree = "<group>"; };
		6B5E7E782AF6E6F100BA7905 /* DrugView.swift */ = {isa = PBXFileReference; lastKnownFileType = sourcecode.swift; path = DrugView.swift; sourceTree = "<group>"; };
		6B5E7E7E2AF7178400BA7905 /* SearchingView.swift */ = {isa = PBXFileReference; lastKnownFileType = sourcecode.swift; path = SearchingView.swift; sourceTree = "<group>"; };
		6B5E7E802AF718D400BA7905 /* Form.swift */ = {isa = PBXFileReference; lastKnownFileType = sourcecode.swift; path = Form.swift; sourceTree = "<group>"; };
		6B5E7E822AF7191300BA7905 /* Route.swift */ = {isa = PBXFileReference; lastKnownFileType = sourcecode.swift; path = Route.swift; sourceTree = "<group>"; };
		6B5E7E842AF7194000BA7905 /* Dosage.swift */ = {isa = PBXFileReference; lastKnownFileType = sourcecode.swift; path = Dosage.swift; sourceTree = "<group>"; };
		6B5E7E862AF7196D00BA7905 /* Organization.swift */ = {isa = PBXFileReference; lastKnownFileType = sourcecode.swift; path = Organization.swift; sourceTree = "<group>"; };
		6B5E7E882AF7199900BA7905 /* Country.swift */ = {isa = PBXFileReference; lastKnownFileType = sourcecode.swift; path = Country.swift; sourceTree = "<group>"; };
		6B5E7E8A2AF71A1800BA7905 /* User.swift */ = {isa = PBXFileReference; lastKnownFileType = sourcecode.swift; path = User.swift; sourceTree = "<group>"; };
		6B5E7E8C2AF71ABC00BA7905 /* Role.swift */ = {isa = PBXFileReference; lastKnownFileType = sourcecode.swift; path = Role.swift; sourceTree = "<group>"; };
		6B8844252AE58EEC00814F92 /* ITU.app */ = {isa = PBXFileReference; explicitFileType = wrapper.application; includeInIndex = 0; path = ITU.app; sourceTree = BUILT_PRODUCTS_DIR; };
		6B8844282AE58EEC00814F92 /* ITUApp.swift */ = {isa = PBXFileReference; lastKnownFileType = sourcecode.swift; path = ITUApp.swift; sourceTree = "<group>"; };
		6B88442A2AE58EEC00814F92 /* ContentView.swift */ = {isa = PBXFileReference; lastKnownFileType = sourcecode.swift; path = ContentView.swift; sourceTree = "<group>"; };
		6B88442C2AE58EED00814F92 /* Assets.xcassets */ = {isa = PBXFileReference; lastKnownFileType = folder.assetcatalog; path = Assets.xcassets; sourceTree = "<group>"; };
		6B88442F2AE58EED00814F92 /* Preview Assets.xcassets */ = {isa = PBXFileReference; lastKnownFileType = folder.assetcatalog; path = "Preview Assets.xcassets"; sourceTree = "<group>"; };
		6B88443D2AE5909A00814F92 /* Color.swift */ = {isa = PBXFileReference; lastKnownFileType = sourcecode.swift; path = Color.swift; sourceTree = "<group>"; };
		6B88443F2AE5965B00814F92 /* View.swift */ = {isa = PBXFileReference; lastKnownFileType = sourcecode.swift; path = View.swift; sourceTree = "<group>"; };
		6B8844422AE596E500814F92 /* GradientButton.swift */ = {isa = PBXFileReference; lastKnownFileType = sourcecode.swift; path = GradientButton.swift; sourceTree = "<group>"; };
		6B8844442AE59CBF00814F92 /* CustomTextField.swift */ = {isa = PBXFileReference; lastKnownFileType = sourcecode.swift; path = CustomTextField.swift; sourceTree = "<group>"; };
		6B8844472AE5A3F300814F92 /* LoginView.swift */ = {isa = PBXFileReference; lastKnownFileType = sourcecode.swift; path = LoginView.swift; sourceTree = "<group>"; };
		6B88444C2AE5A54C00814F92 /* AuthViewModel.swift */ = {isa = PBXFileReference; lastKnownFileType = sourcecode.swift; path = AuthViewModel.swift; sourceTree = "<group>"; };
		6B88444E2AE5A56800814F92 /* AuthView.swift */ = {isa = PBXFileReference; lastKnownFileType = sourcecode.swift; path = AuthView.swift; sourceTree = "<group>"; };
		6B8844512AE5A59800814F92 /* SignUpView.swift */ = {isa = PBXFileReference; lastKnownFileType = sourcecode.swift; path = SignUpView.swift; sourceTree = "<group>"; };
		6B9328CA2AE9A7D00015B0E9 /* Auth.swift */ = {isa = PBXFileReference; lastKnownFileType = sourcecode.swift; path = Auth.swift; sourceTree = "<group>"; };
		6B9328CC2AE9A8360015B0E9 /* Base.swift */ = {isa = PBXFileReference; lastKnownFileType = sourcecode.swift; path = Base.swift; sourceTree = "<group>"; };
		6B9328D22AE9C7FA0015B0E9 /* AuthService.swift */ = {isa = PBXFileReference; lastKnownFileType = sourcecode.swift; path = AuthService.swift; sourceTree = "<group>"; };
		6B94000C2AEA697300CC42E4 /* LoginViewModel.swift */ = {isa = PBXFileReference; lastKnownFileType = sourcecode.swift; path = LoginViewModel.swift; sourceTree = "<group>"; };
		6B9400102AEA6A7600CC42E4 /* MainView.swift */ = {isa = PBXFileReference; lastKnownFileType = sourcecode.swift; path = MainView.swift; sourceTree = "<group>"; };
		6B9400122AEA6AD900CC42E4 /* CommonListView.swift */ = {isa = PBXFileReference; lastKnownFileType = sourcecode.swift; path = CommonListView.swift; sourceTree = "<group>"; };
/* End PBXFileReference section */

/* Begin PBXFrameworksBuildPhase section */
		6B8844222AE58EEC00814F92 /* Frameworks */ = {
			isa = PBXFrameworksBuildPhase;
			buildActionMask = 2147483647;
			files = (
				6B5CAE072AF38CA500BE96EC /* SwiftHttp in Frameworks */,
				6B1E647A2AF0656B00DA2896 /* Alamofire in Frameworks */,
				6B5E7E712AF6910100BA7905 /* JWTDecode in Frameworks */,
			);
			runOnlyForDeploymentPostprocessing = 0;
		};
/* End PBXFrameworksBuildPhase section */

/* Begin PBXGroup section */
		6B49B5FB2AEC377D00AA0DA3 /* MainView */ = {
			isa = PBXGroup;
			children = (
				6B9400102AEA6A7600CC42E4 /* MainView.swift */,
				6B49B5FD2AEC37B900AA0DA3 /* MainViewModel.swift */,
			);
			path = MainView;
			sourceTree = "<group>";
		};
		6B49B5FF2AEC390800AA0DA3 /* CommonListView */ = {
			isa = PBXGroup;
			children = (
				6B9400122AEA6AD900CC42E4 /* CommonListView.swift */,
				6B5CAE0B2AF393AE00BE96EC /* CommonListViewModel.swift */,
			);
			path = CommonListView;
			sourceTree = "<group>";
		};
		6B49B6002AEC39C400AA0DA3 /* Menu */ = {
			isa = PBXGroup;
			children = (
				6B49B6012AEC39CD00AA0DA3 /* MenuTabModel.swift */,
				6B49B6032AEC3AD700AA0DA3 /* MenuTabShape.swift */,
				6B49B6052AEC3AF200AA0DA3 /* MenuTabPosition.swift */,
			);
			path = Menu;
			sourceTree = "<group>";
		};
		6B5CAE052AF38CA500BE96EC /* Frameworks */ = {
			isa = PBXGroup;
			children = (
			);
			name = Frameworks;
			sourceTree = "<group>";
		};
		6B5E7E632AF66C6B00BA7905 /* SettingsView */ = {
			isa = PBXGroup;
			children = (
				6B5E7E642AF66C7B00BA7905 /* SettingsView.swift */,
			);
			path = SettingsView;
			sourceTree = "<group>";
		};
		6B5E7E6A2AF68FC100BA7905 /* ListView */ = {
			isa = PBXGroup;
			children = (
				6B5E7E6B2AF68FCB00BA7905 /* ListView.swift */,
				6B5E7E6D2AF6905000BA7905 /* ListViewModel.swift */,
			);
			path = ListView;
			sourceTree = "<group>";
		};
		6B5E7E722AF6C79D00BA7905 /* TabBar */ = {
			isa = PBXGroup;
			children = (
				6B5E7E732AF6C7A700BA7905 /* ScrollableTabBar.swift */,
				6B5E7E752AF6C87F00BA7905 /* TabBar.swift */,
			);
			path = TabBar;
			sourceTree = "<group>";
		};
		6B5E7E772AF6E6DD00BA7905 /* DrugView */ = {
			isa = PBXGroup;
			children = (
				6B5E7E782AF6E6F100BA7905 /* DrugView.swift */,
			);
			path = DrugView;
			sourceTree = "<group>";
		};
		6B5E7E7D2AF7177D00BA7905 /* SearchingView */ = {
			isa = PBXGroup;
			children = (
				6B5E7E7E2AF7178400BA7905 /* SearchingView.swift */,
			);
			path = SearchingView;
			sourceTree = "<group>";
		};
		6B88441C2AE58EEC00814F92 = {
			isa = PBXGroup;
			children = (
				6B8844272AE58EEC00814F92 /* ITU */,
				6B8844262AE58EEC00814F92 /* Products */,
				6B5CAE052AF38CA500BE96EC /* Frameworks */,
			);
			sourceTree = "<group>";
		};
		6B8844262AE58EEC00814F92 /* Products */ = {
			isa = PBXGroup;
			children = (
				6B8844252AE58EEC00814F92 /* ITU.app */,
			);
			name = Products;
			sourceTree = "<group>";
		};
		6B8844272AE58EEC00814F92 /* ITU */ = {
			isa = PBXGroup;
			children = (
				6B9328C82AE9A6F40015B0E9 /* api */,
				6B8844412AE596D600814F92 /* components */,
				6B88443C2AE5909200814F92 /* extensions */,
				6B8844362AE58FD000814F92 /* views */,
				6B8844282AE58EEC00814F92 /* ITUApp.swift */,
				6B88442A2AE58EEC00814F92 /* ContentView.swift */,
				6B88442C2AE58EED00814F92 /* Assets.xcassets */,
				6B88442E2AE58EED00814F92 /* Preview Content */,
			);
			path = ITU;
			sourceTree = "<group>";
		};
		6B88442E2AE58EED00814F92 /* Preview Content */ = {
			isa = PBXGroup;
			children = (
				6B88442F2AE58EED00814F92 /* Preview Assets.xcassets */,
			);
			path = "Preview Content";
			sourceTree = "<group>";
		};
		6B8844362AE58FD000814F92 /* views */ = {
			isa = PBXGroup;
			children = (
				6B94000E2AEA6A5600CC42E4 /* content */,
				6B8844492AE5A53200814F92 /* auth */,
			);
			path = views;
			sourceTree = "<group>";
		};
		6B88443C2AE5909200814F92 /* extensions */ = {
			isa = PBXGroup;
			children = (
				6B88443D2AE5909A00814F92 /* Color.swift */,
				6B88443F2AE5965B00814F92 /* View.swift */,
			);
			path = extensions;
			sourceTree = "<group>";
		};
		6B8844412AE596D600814F92 /* components */ = {
			isa = PBXGroup;
			children = (
				6B5E7E7D2AF7177D00BA7905 /* SearchingView */,
				6B5E7E722AF6C79D00BA7905 /* TabBar */,
				6B49B6002AEC39C400AA0DA3 /* Menu */,
				6B8844422AE596E500814F92 /* GradientButton.swift */,
				6B8844442AE59CBF00814F92 /* CustomTextField.swift */,
			);
			path = components;
			sourceTree = "<group>";
		};
		6B8844462AE5A3E100814F92 /* LoginView */ = {
			isa = PBXGroup;
			children = (
				6B8844472AE5A3F300814F92 /* LoginView.swift */,
				6B94000C2AEA697300CC42E4 /* LoginViewModel.swift */,
			);
			path = LoginView;
			sourceTree = "<group>";
		};
		6B8844492AE5A53200814F92 /* auth */ = {
			isa = PBXGroup;
			children = (
				6B8844502AE5A58700814F92 /* SignUpView */,
				6B88444A2AE5A54000814F92 /* AuthView */,
				6B8844462AE5A3E100814F92 /* LoginView */,
			);
			path = auth;
			sourceTree = "<group>";
		};
		6B88444A2AE5A54000814F92 /* AuthView */ = {
			isa = PBXGroup;
			children = (
				6B88444C2AE5A54C00814F92 /* AuthViewModel.swift */,
				6B88444E2AE5A56800814F92 /* AuthView.swift */,
			);
			path = AuthView;
			sourceTree = "<group>";
		};
		6B8844502AE5A58700814F92 /* SignUpView */ = {
			isa = PBXGroup;
			children = (
				6B8844512AE5A59800814F92 /* SignUpView.swift */,
				6B1E64762AF061AF00DA2896 /* SignUpViewModel.swift */,
			);
			path = SignUpView;
			sourceTree = "<group>";
		};
		6B9328C82AE9A6F40015B0E9 /* api */ = {
			isa = PBXGroup;
			children = (
				6B9328D12AE9C7EC0015B0E9 /* services */,
				6B9328C92AE9A7060015B0E9 /* models */,
			);
			path = api;
			sourceTree = "<group>";
		};
		6B9328C92AE9A7060015B0E9 /* models */ = {
			isa = PBXGroup;
			children = (
				6B9328CA2AE9A7D00015B0E9 /* Auth.swift */,
				6B9328CC2AE9A8360015B0E9 /* Base.swift */,
				6B5CAE082AF38DD600BE96EC /* Drug.swift */,
				6B5E7E862AF7196D00BA7905 /* Organization.swift */,
				6B5E7E882AF7199900BA7905 /* Country.swift */,
				6B5E7E8A2AF71A1800BA7905 /* User.swift */,
				6B5E7E8C2AF71ABC00BA7905 /* Role.swift */,
				6B5E7E842AF7194000BA7905 /* Dosage.swift */,
				6B5E7E822AF7191300BA7905 /* Route.swift */,
				6B5E7E802AF718D400BA7905 /* Form.swift */,
			);
			path = models;
			sourceTree = "<group>";
		};
		6B9328D12AE9C7EC0015B0E9 /* services */ = {
			isa = PBXGroup;
			children = (
				6B9328D22AE9C7FA0015B0E9 /* AuthService.swift */,
				6B49B6072AEC3F6F00AA0DA3 /* DrugsService.swift */,
			);
			path = services;
			sourceTree = "<group>";
		};
		6B94000E2AEA6A5600CC42E4 /* content */ = {
			isa = PBXGroup;
			children = (
				6B5E7E772AF6E6DD00BA7905 /* DrugView */,
				6B5E7E6A2AF68FC100BA7905 /* ListView */,
				6B5E7E632AF66C6B00BA7905 /* SettingsView */,
				6B49B5FF2AEC390800AA0DA3 /* CommonListView */,
				6B49B5FB2AEC377D00AA0DA3 /* MainView */,
			);
			path = content;
			sourceTree = "<group>";
		};
/* End PBXGroup section */

/* Begin PBXNativeTarget section */
		6B8844242AE58EEC00814F92 /* ITU */ = {
			isa = PBXNativeTarget;
			buildConfigurationList = 6B8844332AE58EED00814F92 /* Build configuration list for PBXNativeTarget "ITU" */;
			buildPhases = (
				6B8844212AE58EEC00814F92 /* Sources */,
				6B8844222AE58EEC00814F92 /* Frameworks */,
				6B8844232AE58EEC00814F92 /* Resources */,
			);
			buildRules = (
			);
			dependencies = (
			);
			name = ITU;
			packageProductDependencies = (
				6B1E64792AF0656B00DA2896 /* Alamofire */,
				6B5CAE062AF38CA500BE96EC /* SwiftHttp */,
				6B5E7E702AF6910100BA7905 /* JWTDecode */,
			);
			productName = ITU;
			productReference = 6B8844252AE58EEC00814F92 /* ITU.app */;
			productType = "com.apple.product-type.application";
		};
/* End PBXNativeTarget section */

/* Begin PBXProject section */
		6B88441D2AE58EEC00814F92 /* Project object */ = {
			isa = PBXProject;
			attributes = {
				BuildIndependentTargetsInParallel = 1;
				LastSwiftUpdateCheck = 1500;
				LastUpgradeCheck = 1500;
				TargetAttributes = {
					6B8844242AE58EEC00814F92 = {
						CreatedOnToolsVersion = 15.0.1;
					};
				};
			};
			buildConfigurationList = 6B8844202AE58EEC00814F92 /* Build configuration list for PBXProject "ITU" */;
			compatibilityVersion = "Xcode 14.0";
			developmentRegion = en;
			hasScannedForEncodings = 0;
			knownRegions = (
				en,
				Base,
			);
			mainGroup = 6B88441C2AE58EEC00814F92;
			packageReferences = (
				6B9328CE2AE9C7CA0015B0E9 /* XCRemoteSwiftPackageReference "swift-http" */,
				6B1E64782AF0656B00DA2896 /* XCRemoteSwiftPackageReference "Alamofire" */,
				6B5E7E6F2AF6910100BA7905 /* XCRemoteSwiftPackageReference "JWTDecode" */,
			);
			productRefGroup = 6B8844262AE58EEC00814F92 /* Products */;
			projectDirPath = "";
			projectRoot = "";
			targets = (
				6B8844242AE58EEC00814F92 /* ITU */,
			);
		};
/* End PBXProject section */

/* Begin PBXResourcesBuildPhase section */
		6B8844232AE58EEC00814F92 /* Resources */ = {
			isa = PBXResourcesBuildPhase;
			buildActionMask = 2147483647;
			files = (
				6B8844302AE58EED00814F92 /* Preview Assets.xcassets in Resources */,
				6B88442D2AE58EED00814F92 /* Assets.xcassets in Resources */,
			);
			runOnlyForDeploymentPostprocessing = 0;
		};
/* End PBXResourcesBuildPhase section */

/* Begin PBXSourcesBuildPhase section */
		6B8844212AE58EEC00814F92 /* Sources */ = {
			isa = PBXSourcesBuildPhase;
			buildActionMask = 2147483647;
			files = (
				6B88444D2AE5A54C00814F92 /* AuthViewModel.swift in Sources */,
				6B8844432AE596E500814F92 /* GradientButton.swift in Sources */,
				6B49B6022AEC39CD00AA0DA3 /* MenuTabModel.swift in Sources */,
				6B49B6082AEC3F6F00AA0DA3 /* DrugsService.swift in Sources */,
				6B88442B2AE58EEC00814F92 /* ContentView.swift in Sources */,
				6B9400132AEA6AD900CC42E4 /* CommonListView.swift in Sources */,
				6B8844522AE5A59800814F92 /* SignUpView.swift in Sources */,
				6B49B6062AEC3AF200AA0DA3 /* MenuTabPosition.swift in Sources */,
				6B5E7E742AF6C7A700BA7905 /* ScrollableTabBar.swift in Sources */,
				6B9328CD2AE9A8360015B0E9 /* Base.swift in Sources */,
				6B5E7E792AF6E6F100BA7905 /* DrugView.swift in Sources */,
				6B8844482AE5A3F300814F92 /* LoginView.swift in Sources */,
				6B8844402AE5965B00814F92 /* View.swift in Sources */,
				6B49B6042AEC3AD700AA0DA3 /* MenuTabShape.swift in Sources */,
				6B5E7E762AF6C87F00BA7905 /* TabBar.swift in Sources */,
				6B5E7E7F2AF7178400BA7905 /* SearchingView.swift in Sources */,
				6B94000D2AEA697300CC42E4 /* LoginViewModel.swift in Sources */,
				6B9400112AEA6A7600CC42E4 /* MainView.swift in Sources */,
				6B5E7E872AF7196D00BA7905 /* Organization.swift in Sources */,
				6B5E7E6C2AF68FCB00BA7905 /* ListView.swift in Sources */,
				6B5CAE0C2AF393AE00BE96EC /* CommonListViewModel.swift in Sources */,
				6B5E7E8D2AF71ABC00BA7905 /* Role.swift in Sources */,
				6B5E7E652AF66C7B00BA7905 /* SettingsView.swift in Sources */,
				6B8844452AE59CBF00814F92 /* CustomTextField.swift in Sources */,
				6B5E7E8B2AF71A1800BA7905 /* User.swift in Sources */,
				6B88443E2AE5909A00814F92 /* Color.swift in Sources */,
				6B5CAE092AF38DD600BE96EC /* Drug.swift in Sources */,
				6B5E7E832AF7191300BA7905 /* Route.swift in Sources */,
				6B88444F2AE5A56800814F92 /* AuthView.swift in Sources */,
				6B5E7E812AF718D400BA7905 /* Form.swift in Sources */,
				6B5E7E892AF7199900BA7905 /* Country.swift in Sources */,
				6B8844292AE58EEC00814F92 /* ITUApp.swift in Sources */,
				6B9328CB2AE9A7D00015B0E9 /* Auth.swift in Sources */,
				6B5E7E6E2AF6905000BA7905 /* ListViewModel.swift in Sources */,
				6B5E7E852AF7194000BA7905 /* Dosage.swift in Sources */,
				6B9328D32AE9C7FA0015B0E9 /* AuthService.swift in Sources */,
				6B1E64772AF061AF00DA2896 /* SignUpViewModel.swift in Sources */,
				6B49B5FE2AEC37B900AA0DA3 /* MainViewModel.swift in Sources */,
			);
			runOnlyForDeploymentPostprocessing = 0;
		};
/* End PBXSourcesBuildPhase section */

/* Begin XCBuildConfiguration section */
		6B8844312AE58EED00814F92 /* Debug */ = {
			isa = XCBuildConfiguration;
			buildSettings = {
				ALWAYS_SEARCH_USER_PATHS = NO;
				ASSETCATALOG_COMPILER_GENERATE_SWIFT_ASSET_SYMBOL_EXTENSIONS = YES;
				CLANG_ANALYZER_NONNULL = YES;
				CLANG_ANALYZER_NUMBER_OBJECT_CONVERSION = YES_AGGRESSIVE;
				CLANG_CXX_LANGUAGE_STANDARD = "gnu++20";
				CLANG_ENABLE_MODULES = YES;
				CLANG_ENABLE_OBJC_ARC = YES;
				CLANG_ENABLE_OBJC_WEAK = YES;
				CLANG_WARN_BLOCK_CAPTURE_AUTORELEASING = YES;
				CLANG_WARN_BOOL_CONVERSION = YES;
				CLANG_WARN_COMMA = YES;
				CLANG_WARN_CONSTANT_CONVERSION = YES;
				CLANG_WARN_DEPRECATED_OBJC_IMPLEMENTATIONS = YES;
				CLANG_WARN_DIRECT_OBJC_ISA_USAGE = YES_ERROR;
				CLANG_WARN_DOCUMENTATION_COMMENTS = YES;
				CLANG_WARN_EMPTY_BODY = YES;
				CLANG_WARN_ENUM_CONVERSION = YES;
				CLANG_WARN_INFINITE_RECURSION = YES;
				CLANG_WARN_INT_CONVERSION = YES;
				CLANG_WARN_NON_LITERAL_NULL_CONVERSION = YES;
				CLANG_WARN_OBJC_IMPLICIT_RETAIN_SELF = YES;
				CLANG_WARN_OBJC_LITERAL_CONVERSION = YES;
				CLANG_WARN_OBJC_ROOT_CLASS = YES_ERROR;
				CLANG_WARN_QUOTED_INCLUDE_IN_FRAMEWORK_HEADER = YES;
				CLANG_WARN_RANGE_LOOP_ANALYSIS = YES;
				CLANG_WARN_STRICT_PROTOTYPES = YES;
				CLANG_WARN_SUSPICIOUS_MOVE = YES;
				CLANG_WARN_UNGUARDED_AVAILABILITY = YES_AGGRESSIVE;
				CLANG_WARN_UNREACHABLE_CODE = YES;
				CLANG_WARN__DUPLICATE_METHOD_MATCH = YES;
				COPY_PHASE_STRIP = NO;
				DEBUG_INFORMATION_FORMAT = dwarf;
				ENABLE_STRICT_OBJC_MSGSEND = YES;
				ENABLE_TESTABILITY = YES;
				ENABLE_USER_SCRIPT_SANDBOXING = YES;
				GCC_C_LANGUAGE_STANDARD = gnu17;
				GCC_DYNAMIC_NO_PIC = NO;
				GCC_NO_COMMON_BLOCKS = YES;
				GCC_OPTIMIZATION_LEVEL = 0;
				GCC_PREPROCESSOR_DEFINITIONS = (
					"DEBUG=1",
					"$(inherited)",
				);
				GCC_WARN_64_TO_32_BIT_CONVERSION = YES;
				GCC_WARN_ABOUT_RETURN_TYPE = YES_ERROR;
				GCC_WARN_UNDECLARED_SELECTOR = YES;
				GCC_WARN_UNINITIALIZED_AUTOS = YES_AGGRESSIVE;
				GCC_WARN_UNUSED_FUNCTION = YES;
				GCC_WARN_UNUSED_VARIABLE = YES;
				IPHONEOS_DEPLOYMENT_TARGET = 17.0;
				LOCALIZATION_PREFERS_STRING_CATALOGS = YES;
				MTL_ENABLE_DEBUG_INFO = INCLUDE_SOURCE;
				MTL_FAST_MATH = YES;
				ONLY_ACTIVE_ARCH = YES;
				SDKROOT = iphoneos;
				SWIFT_ACTIVE_COMPILATION_CONDITIONS = "DEBUG $(inherited)";
				SWIFT_OPTIMIZATION_LEVEL = "-Onone";
			};
			name = Debug;
		};
		6B8844322AE58EED00814F92 /* Release */ = {
			isa = XCBuildConfiguration;
			buildSettings = {
				ALWAYS_SEARCH_USER_PATHS = NO;
				ASSETCATALOG_COMPILER_GENERATE_SWIFT_ASSET_SYMBOL_EXTENSIONS = YES;
				CLANG_ANALYZER_NONNULL = YES;
				CLANG_ANALYZER_NUMBER_OBJECT_CONVERSION = YES_AGGRESSIVE;
				CLANG_CXX_LANGUAGE_STANDARD = "gnu++20";
				CLANG_ENABLE_MODULES = YES;
				CLANG_ENABLE_OBJC_ARC = YES;
				CLANG_ENABLE_OBJC_WEAK = YES;
				CLANG_WARN_BLOCK_CAPTURE_AUTORELEASING = YES;
				CLANG_WARN_BOOL_CONVERSION = YES;
				CLANG_WARN_COMMA = YES;
				CLANG_WARN_CONSTANT_CONVERSION = YES;
				CLANG_WARN_DEPRECATED_OBJC_IMPLEMENTATIONS = YES;
				CLANG_WARN_DIRECT_OBJC_ISA_USAGE = YES_ERROR;
				CLANG_WARN_DOCUMENTATION_COMMENTS = YES;
				CLANG_WARN_EMPTY_BODY = YES;
				CLANG_WARN_ENUM_CONVERSION = YES;
				CLANG_WARN_INFINITE_RECURSION = YES;
				CLANG_WARN_INT_CONVERSION = YES;
				CLANG_WARN_NON_LITERAL_NULL_CONVERSION = YES;
				CLANG_WARN_OBJC_IMPLICIT_RETAIN_SELF = YES;
				CLANG_WARN_OBJC_LITERAL_CONVERSION = YES;
				CLANG_WARN_OBJC_ROOT_CLASS = YES_ERROR;
				CLANG_WARN_QUOTED_INCLUDE_IN_FRAMEWORK_HEADER = YES;
				CLANG_WARN_RANGE_LOOP_ANALYSIS = YES;
				CLANG_WARN_STRICT_PROTOTYPES = YES;
				CLANG_WARN_SUSPICIOUS_MOVE = YES;
				CLANG_WARN_UNGUARDED_AVAILABILITY = YES_AGGRESSIVE;
				CLANG_WARN_UNREACHABLE_CODE = YES;
				CLANG_WARN__DUPLICATE_METHOD_MATCH = YES;
				COPY_PHASE_STRIP = NO;
				DEBUG_INFORMATION_FORMAT = "dwarf-with-dsym";
				ENABLE_NS_ASSERTIONS = NO;
				ENABLE_STRICT_OBJC_MSGSEND = YES;
				ENABLE_USER_SCRIPT_SANDBOXING = YES;
				GCC_C_LANGUAGE_STANDARD = gnu17;
				GCC_NO_COMMON_BLOCKS = YES;
				GCC_WARN_64_TO_32_BIT_CONVERSION = YES;
				GCC_WARN_ABOUT_RETURN_TYPE = YES_ERROR;
				GCC_WARN_UNDECLARED_SELECTOR = YES;
				GCC_WARN_UNINITIALIZED_AUTOS = YES_AGGRESSIVE;
				GCC_WARN_UNUSED_FUNCTION = YES;
				GCC_WARN_UNUSED_VARIABLE = YES;
				IPHONEOS_DEPLOYMENT_TARGET = 17.0;
				LOCALIZATION_PREFERS_STRING_CATALOGS = YES;
				MTL_ENABLE_DEBUG_INFO = NO;
				MTL_FAST_MATH = YES;
				SDKROOT = iphoneos;
				SWIFT_COMPILATION_MODE = wholemodule;
				VALIDATE_PRODUCT = YES;
			};
			name = Release;
		};
		6B8844342AE58EED00814F92 /* Debug */ = {
			isa = XCBuildConfiguration;
			buildSettings = {
				ASSETCATALOG_COMPILER_APPICON_NAME = AppIcon;
				ASSETCATALOG_COMPILER_GLOBAL_ACCENT_COLOR_NAME = AccentColor;
				CODE_SIGN_STYLE = Automatic;
				CURRENT_PROJECT_VERSION = 1;
				DEVELOPMENT_ASSET_PATHS = "\"ITU/Preview Content\"";
				DEVELOPMENT_TEAM = 9QSX88N5C6;
				ENABLE_PREVIEWS = YES;
				GENERATE_INFOPLIST_FILE = YES;
				INFOPLIST_KEY_UIApplicationSceneManifest_Generation = YES;
				INFOPLIST_KEY_UIApplicationSupportsIndirectInputEvents = YES;
				INFOPLIST_KEY_UILaunchScreen_Generation = YES;
				INFOPLIST_KEY_UISupportedInterfaceOrientations_iPad = "UIInterfaceOrientationPortrait UIInterfaceOrientationPortraitUpsideDown UIInterfaceOrientationLandscapeLeft UIInterfaceOrientationLandscapeRight";
				INFOPLIST_KEY_UISupportedInterfaceOrientations_iPhone = "UIInterfaceOrientationPortrait UIInterfaceOrientationLandscapeLeft UIInterfaceOrientationLandscapeRight";
				LD_RUNPATH_SEARCH_PATHS = (
					"$(inherited)",
					"@executable_path/Frameworks",
				);
				MARKETING_VERSION = 1.0;
				PRODUCT_BUNDLE_IDENTIFIER = tech.settler.ITU;
				PRODUCT_NAME = "$(TARGET_NAME)";
				SWIFT_EMIT_LOC_STRINGS = YES;
				SWIFT_VERSION = 5.0;
				TARGETED_DEVICE_FAMILY = "1,2";
			};
			name = Debug;
		};
		6B8844352AE58EED00814F92 /* Release */ = {
			isa = XCBuildConfiguration;
			buildSettings = {
				ASSETCATALOG_COMPILER_APPICON_NAME = AppIcon;
				ASSETCATALOG_COMPILER_GLOBAL_ACCENT_COLOR_NAME = AccentColor;
				CODE_SIGN_STYLE = Automatic;
				CURRENT_PROJECT_VERSION = 1;
				DEVELOPMENT_ASSET_PATHS = "\"ITU/Preview Content\"";
				DEVELOPMENT_TEAM = 9QSX88N5C6;
				ENABLE_PREVIEWS = YES;
				GENERATE_INFOPLIST_FILE = YES;
				INFOPLIST_KEY_UIApplicationSceneManifest_Generation = YES;
				INFOPLIST_KEY_UIApplicationSupportsIndirectInputEvents = YES;
				INFOPLIST_KEY_UILaunchScreen_Generation = YES;
				INFOPLIST_KEY_UISupportedInterfaceOrientations_iPad = "UIInterfaceOrientationPortrait UIInterfaceOrientationPortraitUpsideDown UIInterfaceOrientationLandscapeLeft UIInterfaceOrientationLandscapeRight";
				INFOPLIST_KEY_UISupportedInterfaceOrientations_iPhone = "UIInterfaceOrientationPortrait UIInterfaceOrientationLandscapeLeft UIInterfaceOrientationLandscapeRight";
				LD_RUNPATH_SEARCH_PATHS = (
					"$(inherited)",
					"@executable_path/Frameworks",
				);
				MARKETING_VERSION = 1.0;
				PRODUCT_BUNDLE_IDENTIFIER = tech.settler.ITU;
				PRODUCT_NAME = "$(TARGET_NAME)";
				SWIFT_EMIT_LOC_STRINGS = YES;
				SWIFT_VERSION = 5.0;
				TARGETED_DEVICE_FAMILY = "1,2";
			};
			name = Release;
		};
/* End XCBuildConfiguration section */

/* Begin XCConfigurationList section */
		6B8844202AE58EEC00814F92 /* Build configuration list for PBXProject "ITU" */ = {
			isa = XCConfigurationList;
			buildConfigurations = (
				6B8844312AE58EED00814F92 /* Debug */,
				6B8844322AE58EED00814F92 /* Release */,
			);
			defaultConfigurationIsVisible = 0;
			defaultConfigurationName = Release;
		};
		6B8844332AE58EED00814F92 /* Build configuration list for PBXNativeTarget "ITU" */ = {
			isa = XCConfigurationList;
			buildConfigurations = (
				6B8844342AE58EED00814F92 /* Debug */,
				6B8844352AE58EED00814F92 /* Release */,
			);
			defaultConfigurationIsVisible = 0;
			defaultConfigurationName = Release;
		};
/* End XCConfigurationList section */

/* Begin XCRemoteSwiftPackageReference section */
		6B1E64782AF0656B00DA2896 /* XCRemoteSwiftPackageReference "Alamofire" */ = {
			isa = XCRemoteSwiftPackageReference;
			repositoryURL = "https://github.com/Alamofire/Alamofire";
			requirement = {
				kind = upToNextMajorVersion;
				minimumVersion = 5.8.1;
			};
		};
		6B5E7E6F2AF6910100BA7905 /* XCRemoteSwiftPackageReference "JWTDecode" */ = {
			isa = XCRemoteSwiftPackageReference;
			repositoryURL = "https://github.com/auth0/JWTDecode.swift";
			requirement = {
				kind = upToNextMajorVersion;
				minimumVersion = 3.1.0;
			};
		};
		6B9328CE2AE9C7CA0015B0E9 /* XCRemoteSwiftPackageReference "swift-http" */ = {
			isa = XCRemoteSwiftPackageReference;
			repositoryURL = "https://github.com/binarybirds/swift-http";
			requirement = {
				kind = upToNextMajorVersion;
				minimumVersion = 1.2.3;
			};
		};
/* End XCRemoteSwiftPackageReference section */

/* Begin XCSwiftPackageProductDependency section */
		6B1E64792AF0656B00DA2896 /* Alamofire */ = {
			isa = XCSwiftPackageProductDependency;
			package = 6B1E64782AF0656B00DA2896 /* XCRemoteSwiftPackageReference "Alamofire" */;
			productName = Alamofire;
		};
		6B5CAE062AF38CA500BE96EC /* SwiftHttp */ = {
			isa = XCSwiftPackageProductDependency;
			package = 6B9328CE2AE9C7CA0015B0E9 /* XCRemoteSwiftPackageReference "swift-http" */;
			productName = SwiftHttp;
		};
		6B5E7E702AF6910100BA7905 /* JWTDecode */ = {
			isa = XCSwiftPackageProductDependency;
			package = 6B5E7E6F2AF6910100BA7905 /* XCRemoteSwiftPackageReference "JWTDecode" */;
			productName = JWTDecode;
		};
/* End XCSwiftPackageProductDependency section */
	};
	rootObject = 6B88441D2AE58EEC00814F92 /* Project object */;
}
